
Microsoft Visual Studio Solution File, Format Version 12.00
# Visual Studio Version 17
VisualStudioVersion = 17.2.32519.379
MinimumVisualStudioVersion = 10.0.40219.1
Project("{FAE04EC0-301F-11D3-BF4B-00C04F79EFBC}") = "Image_Processing", "Image_Processing.csproj", "{69A5DC01-1B03-4781-9307-F97D5AFFC8B7}"
EndProject
Global
	GlobalSection(SolutionConfigurationPlatforms) = preSolution
		Debug|Any CPU = Debug|Any CPU
		Release|Any CPU = Release|Any CPU
	EndGlobalSection
	GlobalSection(ProjectConfigurationPlatforms) = postSolution
		{69A5DC01-1B03-4781-9307-F97D5AFFC8B7}.Debug|Any CPU.ActiveCfg = Debug|Any CPU
		{69A5DC01-1B03-4781-9307-F97D5AFFC8B7}.Debug|Any CPU.Build.0 = Debug|Any CPU
		{69A5DC01-1B03-4781-9307-F97D5AFFC8B7}.Release|Any CPU.ActiveCfg = Release|Any CPU
		{69A5DC01-1B03-4781-9307-F97D5AFFC8B7}.Release|Any CPU.Build.0 = Release|Any CPU
	EndGlobalSection
	GlobalSection(SolutionProperties) = preSolution
		HideSolutionNode = FALSE
	EndGlobalSection
	GlobalSection(ExtensibilityGlobals) = postSolution
		SolutionGuid = {CC796162-A475-49D9-BD2C-3C3B70FD52A2}
	EndGlobalSection
EndGlobal
